
Microsoft Visual Studio Solution File, Format Version 12.00
# Visual Studio Version 16
VisualStudioVersion = 16.0.30711.63
MinimumVisualStudioVersion = 10.0.40219.1
Project("{888888A0-9F3D-457C-B088-3A5042F75D52}") = "IDLE开发", "IDLE开发.pyproj", "{2AEC1B40-EAC6-4D91-A2EE-726333951858}"
EndProject
Global
	GlobalSection(SolutionConfigurationPlatforms) = preSolution
		Debug|Any CPU = Debug|Any CPU
		Release|Any CPU = Release|Any CPU
	EndGlobalSection
	GlobalSection(ProjectConfigurationPlatforms) = postSolution
		{2AEC1B40-EAC6-4D91-A2EE-726333951858}.Debug|Any CPU.ActiveCfg = Debug|Any CPU
		{2AEC1B40-EAC6-4D91-A2EE-726333951858}.Release|Any CPU.ActiveCfg = Release|Any CPU
	EndGlobalSection
	GlobalSection(SolutionProperties) = preSolution
		HideSolutionNode = FALSE
	EndGlobalSection
	GlobalSection(ExtensibilityGlobals) = postSolution
		SolutionGuid = {42F0070B-34D1-41FB-BC0D-1CC4AE0B579A}
	EndGlobalSection
EndGlobal
